# This file is generated by running "yarn install" inside your project.
# Manual changes might be lost - proceed with caution!

__metadata:
  version: 5
  cacheKey: 8

"@mikro-orm/cli@npm:5.0.1-dev.23":
  version: 5.0.1-dev.23
  resolution: "@mikro-orm/cli@npm:5.0.1-dev.23"
  dependencies:
    "@mikro-orm/core": ^5.0.1-dev.23+f6e26baeb7
    "@mikro-orm/knex": ^5.0.1-dev.23+f6e26baeb7
    fs-extra: 10.0.0
    tsconfig-paths: 3.12.0
    yargonaut: 1.1.4
    yargs: 15.4.1
  peerDependencies:
    "@mikro-orm/entity-generator": ^5.0.0
    "@mikro-orm/mariadb": ^5.0.0
    "@mikro-orm/migrations": ^5.0.0
    "@mikro-orm/mongodb": ^5.0.0
    "@mikro-orm/mysql": ^5.0.0
    "@mikro-orm/postgresql": ^5.0.0
    "@mikro-orm/seeder": ^5.0.0
    "@mikro-orm/sqlite": ^5.0.0
  peerDependenciesMeta:
    "@mikro-orm/entity-generator":
      optional: true
    "@mikro-orm/mariadb":
      optional: true
    "@mikro-orm/migrations":
      optional: true
    "@mikro-orm/mongodb":
      optional: true
    "@mikro-orm/mysql":
      optional: true
    "@mikro-orm/postgresql":
      optional: true
    "@mikro-orm/seeder":
      optional: true
    "@mikro-orm/sqlite":
      optional: true
  bin:
    mikro-orm: dist/cli.js
  checksum: db30d5a2f9ac79f3863353b3673f91d59e1bdd22563cceeed7101ea2ee58daf34d53af3b418d91f10171874c55cac9b1fa0ec1f59eed774c435012f6721304e3
  languageName: node
  linkType: hard

"@mikro-orm/core@npm:5.0.1-dev.23, @mikro-orm/core@npm:^5.0.1-dev.23+f6e26baeb7":
  version: 5.0.1-dev.23
  resolution: "@mikro-orm/core@npm:5.0.1-dev.23"
  dependencies:
    clone: 2.1.2
    dotenv: 16.0.0
    escaya: 0.0.61
    fs-extra: 10.0.0
    globby: 11.0.4
    mikro-orm: ^5.0.1-dev.23+f6e26baeb7
    reflect-metadata: 0.1.13
  peerDependencies:
    "@mikro-orm/cli": ^5.0.0
    "@mikro-orm/entity-generator": ^5.0.0
    "@mikro-orm/knex": ^5.0.0
    "@mikro-orm/mariadb": ^5.0.0
    "@mikro-orm/migrations": ^5.0.0
    "@mikro-orm/mongodb": ^5.0.0
    "@mikro-orm/mysql": ^5.0.0
    "@mikro-orm/postgresql": ^5.0.0
    "@mikro-orm/reflection": ^5.0.0
    "@mikro-orm/seeder": ^5.0.0
    "@mikro-orm/sqlite": ^5.0.0
  peerDependenciesMeta:
    "@mikro-orm/cli":
      optional: true
    "@mikro-orm/entity-generator":
      optional: true
    "@mikro-orm/knex":
      optional: true
    "@mikro-orm/mariadb":
      optional: true
    "@mikro-orm/migrations":
      optional: true
    "@mikro-orm/mongodb":
      optional: true
    "@mikro-orm/mysql":
      optional: true
    "@mikro-orm/postgresql":
      optional: true
    "@mikro-orm/reflection":
      optional: true
    "@mikro-orm/seeder":
      optional: true
    "@mikro-orm/sqlite":
      optional: true
  checksum: b2bbda3fc2a649a168786c0964f41d72de75394809872aeecad46dc3be9e1ad13e6422a6dcee8ea7b4f5f4241389fa6d65024db0a59fd4eea83977ee60216cce
  languageName: node
  linkType: hard

"@mikro-orm/knex@npm:^5.0.1-dev.23+f6e26baeb7":
  version: 5.0.1-dev.23
  resolution: "@mikro-orm/knex@npm:5.0.1-dev.23"
  dependencies:
    fs-extra: 10.0.0
    knex: 1.0.1
    sqlstring: 2.3.2
  peerDependencies:
    "@mikro-orm/core": ^5.0.0
    "@mikro-orm/entity-generator": ^5.0.0
    "@mikro-orm/migrations": ^5.0.0
    "@vscode/sqlite3": ^5.0.0
    mssql: ^7.0.0
    mysql: ^2.18.1
    mysql2: ^2.1.0
    pg: ^8.0.3
  peerDependenciesMeta:
    "@mikro-orm/entity-generator":
      optional: true
    "@mikro-orm/migrations":
      optional: true
    "@vscode/sqlite3":
      optional: true
    mssql:
      optional: true
    mysql:
      optional: true
    mysql2:
      optional: true
    pg:
      optional: true
  checksum: 692916fc1aa4e74ec6d75e069e4330d173fe06de5075478a6e60f7713eb3b7a0b28a960ed2133de38f9ebc0c24795088dd9eff4117574ff39ee7b68133073cde
  languageName: node
  linkType: hard

"@mikro-orm/postgresql@npm:5.0.1-dev.23":
  version: 5.0.1-dev.23
  resolution: "@mikro-orm/postgresql@npm:5.0.1-dev.23"
  dependencies:
    "@mikro-orm/knex": ^5.0.1-dev.23+f6e26baeb7
    pg: 8.7.3
  peerDependencies:
    "@mikro-orm/core": ^5.0.0
    "@mikro-orm/entity-generator": ^5.0.0
    "@mikro-orm/migrations": ^5.0.0
    "@mikro-orm/seeder": ^5.0.0
  peerDependenciesMeta:
    "@mikro-orm/entity-generator":
      optional: true
    "@mikro-orm/migrations":
      optional: true
    "@mikro-orm/seeder":
      optional: true
  checksum: 909d6bea27fe8865d1d411e7e88e8ed6076dbf6d99ee774f3e6c770563a5e4d61d2e8271a564976ec3773d1b790eb870c0db95cc8f4653970bff6c15f608c9e1
  languageName: node
  linkType: hard

"@nodelib/fs.scandir@npm:2.1.5":
  version: 2.1.5
  resolution: "@nodelib/fs.scandir@npm:2.1.5"
  dependencies:
    "@nodelib/fs.stat": 2.0.5
    run-parallel: ^1.1.9
  checksum: a970d595bd23c66c880e0ef1817791432dbb7acbb8d44b7e7d0e7a22f4521260d4a83f7f9fd61d44fda4610105577f8f58a60718105fb38352baed612fd79e59
  languageName: node
  linkType: hard

"@nodelib/fs.stat@npm:2.0.5, @nodelib/fs.stat@npm:^2.0.2":
  version: 2.0.5
  resolution: "@nodelib/fs.stat@npm:2.0.5"
  checksum: 012480b5ca9d97bff9261571dbbec7bbc6033f69cc92908bc1ecfad0792361a5a1994bc48674b9ef76419d056a03efadfce5a6cf6dbc0a36559571a7a483f6f0
  languageName: node
  linkType: hard

"@nodelib/fs.walk@npm:^1.2.3":
  version: 1.2.8
  resolution: "@nodelib/fs.walk@npm:1.2.8"
  dependencies:
    "@nodelib/fs.scandir": 2.1.5
    fastq: ^1.6.0
  checksum: 190c643f156d8f8f277bf2a6078af1ffde1fd43f498f187c2db24d35b4b4b5785c02c7dc52e356497b9a1b65b13edc996de08de0b961c32844364da02986dc53
  languageName: node
  linkType: hard

"@types/json5@npm:^0.0.29":
  version: 0.0.29
  resolution: "@types/json5@npm:0.0.29"
  checksum: e60b153664572116dfea673c5bda7778dbff150498f44f998e34b5886d8afc47f16799280e4b6e241c0472aef1bc36add771c569c68fc5125fc2ae519a3eb9ac
  languageName: node
  linkType: hard

"@types/node@npm:^17.0.17":
  version: 17.0.17
  resolution: "@types/node@npm:17.0.17"
  checksum: 8ddba2829acdf1684fbd8fd248ec13f033efb70ecd1085677b547c40ef8e936a006b95eac3bdc28c47939c62526f3f027afeb4a930e30e4394923bbae4626476
  languageName: node
  linkType: hard

"ansi-regex@npm:^2.0.0":
  version: 2.1.1
  resolution: "ansi-regex@npm:2.1.1"
  checksum: 190abd03e4ff86794f338a31795d262c1dfe8c91f7e01d04f13f646f1dcb16c5800818f886047876f1272f065570ab86b24b99089f8b68a0e11ff19aed4ca8f1
  languageName: node
  linkType: hard

"ansi-regex@npm:^5.0.1":
  version: 5.0.1
  resolution: "ansi-regex@npm:5.0.1"
  checksum: 2aa4bb54caf2d622f1afdad09441695af2a83aa3fe8b8afa581d205e57ed4261c183c4d3877cee25794443fde5876417d859c108078ab788d6af7e4fe52eb66b
  languageName: node
  linkType: hard

"ansi-styles@npm:^2.2.1":
  version: 2.2.1
  resolution: "ansi-styles@npm:2.2.1"
  checksum: ebc0e00381f2a29000d1dac8466a640ce11943cef3bda3cd0020dc042e31e1058ab59bf6169cd794a54c3a7338a61ebc404b7c91e004092dd20e028c432c9c2c
  languageName: node
  linkType: hard

"ansi-styles@npm:^4.0.0":
  version: 4.3.0
  resolution: "ansi-styles@npm:4.3.0"
  dependencies:
    color-convert: ^2.0.1
  checksum: 513b44c3b2105dd14cc42a19271e80f386466c4be574bccf60b627432f9198571ebf4ab1e4c3ba17347658f4ee1711c163d574248c0c1cdc2d5917a0ad582ec4
  languageName: node
  linkType: hard

"array-union@npm:^2.1.0":
  version: 2.1.0
  resolution: "array-union@npm:2.1.0"
  checksum: 5bee12395cba82da674931df6d0fea23c4aa4660cb3b338ced9f828782a65caa232573e6bf3968f23e0c5eb301764a382cef2f128b170a9dc59de0e36c39f98d
  languageName: node
  linkType: hard

"braces@npm:^3.0.1":
  version: 3.0.2
  resolution: "braces@npm:3.0.2"
  dependencies:
    fill-range: ^7.0.1
  checksum: e2a8e769a863f3d4ee887b5fe21f63193a891c68b612ddb4b68d82d1b5f3ff9073af066c343e9867a393fe4c2555dcb33e89b937195feb9c1613d259edfcd459
  languageName: node
  linkType: hard

"buffer-writer@npm:2.0.0":
  version: 2.0.0
  resolution: "buffer-writer@npm:2.0.0"
  checksum: 11736b48bb75106c52ca8ec9f025e7c1b3b25ce31875f469d7210eabd5c576c329e34f6b805d4a8d605ff3f0db1e16342328802c4c963e9c826b0e43a4e631c2
  languageName: node
  linkType: hard

"camelcase@npm:^5.0.0":
  version: 5.3.1
  resolution: "camelcase@npm:5.3.1"
  checksum: e6effce26b9404e3c0f301498184f243811c30dfe6d0b9051863bd8e4034d09c8c2923794f280d6827e5aa055f6c434115ff97864a16a963366fb35fd673024b
  languageName: node
  linkType: hard

"chalk@npm:^1.1.1":
  version: 1.1.3
  resolution: "chalk@npm:1.1.3"
  dependencies:
    ansi-styles: ^2.2.1
    escape-string-regexp: ^1.0.2
    has-ansi: ^2.0.0
    strip-ansi: ^3.0.0
    supports-color: ^2.0.0
  checksum: 9d2ea6b98fc2b7878829eec223abcf404622db6c48396a9b9257f6d0ead2acf18231ae368d6a664a83f272b0679158da12e97b5229f794939e555cc574478acd
  languageName: node
  linkType: hard

"cliui@npm:^6.0.0":
  version: 6.0.0
  resolution: "cliui@npm:6.0.0"
  dependencies:
    string-width: ^4.2.0
    strip-ansi: ^6.0.0
    wrap-ansi: ^6.2.0
  checksum: 4fcfd26d292c9f00238117f39fc797608292ae36bac2168cfee4c85923817d0607fe21b3329a8621e01aedf512c99b7eaa60e363a671ffd378df6649fb48ae42
  languageName: node
  linkType: hard

"clone@npm:2.1.2":
  version: 2.1.2
  resolution: "clone@npm:2.1.2"
  checksum: aaf106e9bc025b21333e2f4c12da539b568db4925c0501a1bf4070836c9e848c892fa22c35548ce0d1132b08bbbfa17a00144fe58fccdab6fa900fec4250f67d
  languageName: node
  linkType: hard

"color-convert@npm:^2.0.1":
  version: 2.0.1
  resolution: "color-convert@npm:2.0.1"
  dependencies:
    color-name: ~1.1.4
  checksum: 79e6bdb9fd479a205c71d89574fccfb22bd9053bd98c6c4d870d65c132e5e904e6034978e55b43d69fcaa7433af2016ee203ce76eeba9cfa554b373e7f7db336
  languageName: node
  linkType: hard

"color-name@npm:~1.1.4":
  version: 1.1.4
  resolution: "color-name@npm:1.1.4"
  checksum: b0445859521eb4021cd0fb0cc1a75cecf67fceecae89b63f62b201cca8d345baf8b952c966862a9d9a2632987d4f6581f0ec8d957dfacece86f0a7919316f610
  languageName: node
  linkType: hard

"colorette@npm:2.0.16":
  version: 2.0.16
  resolution: "colorette@npm:2.0.16"
  checksum: cd55596a3a2d1071c1a28eee7fd8a5387593ff1bd10a3e8d0a6221499311fe34a9f2b9272d77c391e0e003dcdc8934fb2f8d106e7ef1f7516f8060c901d41a27
  languageName: node
  linkType: hard

"commander@npm:^8.3.0":
  version: 8.3.0
  resolution: "commander@npm:8.3.0"
  checksum: 0f82321821fc27b83bd409510bb9deeebcfa799ff0bf5d102128b500b7af22872c0c92cb6a0ebc5a4cf19c6b550fba9cedfa7329d18c6442a625f851377bacf0
  languageName: node
  linkType: hard

"debug@npm:4.3.3":
  version: 4.3.3
  resolution: "debug@npm:4.3.3"
  dependencies:
    ms: 2.1.2
  peerDependenciesMeta:
    supports-color:
      optional: true
  checksum: 14472d56fe4a94dbcfaa6dbed2dd3849f1d72ba78104a1a328047bb564643ca49df0224c3a17fa63533fd11dd3d4c8636cd861191232a2c6735af00cc2d4de16
  languageName: node
  linkType: hard

"decamelize@npm:^1.2.0":
  version: 1.2.0
  resolution: "decamelize@npm:1.2.0"
  checksum: ad8c51a7e7e0720c70ec2eeb1163b66da03e7616d7b98c9ef43cce2416395e84c1e9548dd94f5f6ffecfee9f8b94251fc57121a8b021f2ff2469b2bae247b8aa
  languageName: node
  linkType: hard

"dir-glob@npm:^3.0.1":
  version: 3.0.1
  resolution: "dir-glob@npm:3.0.1"
  dependencies:
    path-type: ^4.0.0
  checksum: fa05e18324510d7283f55862f3161c6759a3f2f8dbce491a2fc14c8324c498286c54282c1f0e933cb930da8419b30679389499b919122952a4f8592362ef4615
  languageName: node
  linkType: hard

"dotenv@npm:16.0.0":
  version: 16.0.0
  resolution: "dotenv@npm:16.0.0"
  checksum: 664cebb51f0a9a1d1b930f51f0271e72e26d62feaecc9dc03df39453dd494b4e724809ca480fb3ec3213382b1ed3f791aaeb83569a137f9329ce58efd4853dbf
  languageName: node
  linkType: hard

"emoji-regex@npm:^8.0.0":
  version: 8.0.0
  resolution: "emoji-regex@npm:8.0.0"
  checksum: d4c5c39d5a9868b5fa152f00cada8a936868fd3367f33f71be515ecee4c803132d11b31a6222b2571b1e5f7e13890156a94880345594d0ce7e3c9895f560f192
  languageName: node
  linkType: hard

"escalade@npm:^3.1.1":
  version: 3.1.1
  resolution: "escalade@npm:3.1.1"
  checksum: a3e2a99f07acb74b3ad4989c48ca0c3140f69f923e56d0cba0526240ee470b91010f9d39001f2a4a313841d237ede70a729e92125191ba5d21e74b106800b133
  languageName: node
  linkType: hard

"escape-string-regexp@npm:^1.0.2":
  version: 1.0.5
  resolution: "escape-string-regexp@npm:1.0.5"
  checksum: 6092fda75c63b110c706b6a9bfde8a612ad595b628f0bd2147eea1d3406723020810e591effc7db1da91d80a71a737a313567c5abb3813e8d9c71f4aa595b410
  languageName: node
  linkType: hard

"escaya@npm:0.0.61":
  version: 0.0.61
  resolution: "escaya@npm:0.0.61"
  checksum: 40c1e54d5c50a7c92617eeb4616c8b4dac1434b8ae40fd02be034b3fd207b827d68d7f06d4339de647ac56fef9287725c87383b001225a9ce20345615cd2a2a6
  languageName: node
  linkType: hard

"esm@npm:^3.2.25":
  version: 3.2.25
  resolution: "esm@npm:3.2.25"
  checksum: 978aabe2de83541c105605a6d60a26ed8e627ef6bb0a7605fe15a95bbdea6b8348bd045255cb22219c054dd09a81a94823df00843d9e97f42419c92015ce3a64
  languageName: node
  linkType: hard

"fast-glob@npm:^3.1.1":
  version: 3.2.11
  resolution: "fast-glob@npm:3.2.11"
  dependencies:
    "@nodelib/fs.stat": ^2.0.2
    "@nodelib/fs.walk": ^1.2.3
    glob-parent: ^5.1.2
    merge2: ^1.3.0
    micromatch: ^4.0.4
  checksum: f473105324a7780a20c06de842e15ddbb41d3cb7e71d1e4fe6e8373204f22245d54f5ab9e2061e6a1c613047345954d29b022e0e76f5c28b1df9858179a0e6d7
  languageName: node
  linkType: hard

"fastq@npm:^1.6.0":
  version: 1.13.0
  resolution: "fastq@npm:1.13.0"
  dependencies:
    reusify: ^1.0.4
  checksum: 32cf15c29afe622af187d12fc9cd93e160a0cb7c31a3bb6ace86b7dea3b28e7b72acde89c882663f307b2184e14782c6c664fa315973c03626c7d4bff070bb0b
  languageName: node
  linkType: hard

"figlet@npm:^1.1.1":
  version: 1.5.2
  resolution: "figlet@npm:1.5.2"
  checksum: cc860391669b44e119871d589e09a2814aa86351726a5791e0d3e2d098e4fc37171c85fcfed13f4e9000995bd004dc6dbf848da5fe458cf1477e776b7318986f
  languageName: node
  linkType: hard

"fill-range@npm:^7.0.1":
  version: 7.0.1
  resolution: "fill-range@npm:7.0.1"
  dependencies:
    to-regex-range: ^5.0.1
  checksum: cc283f4e65b504259e64fd969bcf4def4eb08d85565e906b7d36516e87819db52029a76b6363d0f02d0d532f0033c9603b9e2d943d56ee3b0d4f7ad3328ff917
  languageName: node
  linkType: hard

"find-up@npm:^4.1.0":
  version: 4.1.0
  resolution: "find-up@npm:4.1.0"
  dependencies:
    locate-path: ^5.0.0
    path-exists: ^4.0.0
  checksum: 4c172680e8f8c1f78839486e14a43ef82e9decd0e74145f40707cc42e7420506d5ec92d9a11c22bd2c48fb0c384ea05dd30e10dd152fefeec6f2f75282a8b844
  languageName: node
  linkType: hard

"fs-extra@npm:10.0.0":
  version: 10.0.0
  resolution: "fs-extra@npm:10.0.0"
  dependencies:
    graceful-fs: ^4.2.0
    jsonfile: ^6.0.1
    universalify: ^2.0.0
  checksum: 5285a3d8f34b917cf2b66af8c231a40c1623626e9d701a20051d3337be16c6d7cac94441c8b3732d47a92a2a027886ca93c69b6a4ae6aee3c89650d2a8880c0a
  languageName: node
  linkType: hard

"function-bind@npm:^1.1.1":
  version: 1.1.1
  resolution: "function-bind@npm:1.1.1"
  checksum: b32fbaebb3f8ec4969f033073b43f5c8befbb58f1a79e12f1d7490358150359ebd92f49e72ff0144f65f2c48ea2a605bff2d07965f548f6474fd8efd95bf361a
  languageName: node
  linkType: hard

"get-caller-file@npm:^2.0.1":
  version: 2.0.5
  resolution: "get-caller-file@npm:2.0.5"
  checksum: b9769a836d2a98c3ee734a88ba712e62703f1df31b94b784762c433c27a386dd6029ff55c2a920c392e33657d80191edbf18c61487e198844844516f843496b9
  languageName: node
  linkType: hard

"getopts@npm:2.3.0":
  version: 2.3.0
  resolution: "getopts@npm:2.3.0"
  checksum: bbb5fcef8d4a8582cf4499ea3fc492d95322df2184e65d550ddacede04871e7ba33194c7abd06a6c5d540de3b70112a16f988787e236e1c66b89521032b398ce
  languageName: node
  linkType: hard

"glob-parent@npm:^5.1.2":
  version: 5.1.2
  resolution: "glob-parent@npm:5.1.2"
  dependencies:
    is-glob: ^4.0.1
  checksum: f4f2bfe2425296e8a47e36864e4f42be38a996db40420fe434565e4480e3322f18eb37589617a98640c5dc8fdec1a387007ee18dbb1f3f5553409c34d17f425e
  languageName: node
  linkType: hard

"globby@npm:11.0.4":
  version: 11.0.4
  resolution: "globby@npm:11.0.4"
  dependencies:
    array-union: ^2.1.0
    dir-glob: ^3.0.1
    fast-glob: ^3.1.1
    ignore: ^5.1.4
    merge2: ^1.3.0
    slash: ^3.0.0
  checksum: d3e02d5e459e02ffa578b45f040381c33e3c0538ed99b958f0809230c423337999867d7b0dbf752ce93c46157d3bbf154d3fff988a93ccaeb627df8e1841775b
  languageName: node
  linkType: hard

"graceful-fs@npm:^4.1.6, graceful-fs@npm:^4.2.0":
  version: 4.2.9
  resolution: "graceful-fs@npm:4.2.9"
  checksum: 68ea4e07ff2c041ada184f9278b830375f8e0b75154e3f080af6b70f66172fabb4108d19b3863a96b53fc068a310b9b6493d86d1291acc5f3861eb4b79d26ad6
  languageName: node
  linkType: hard

"has-ansi@npm:^2.0.0":
  version: 2.0.0
  resolution: "has-ansi@npm:2.0.0"
  dependencies:
    ansi-regex: ^2.0.0
  checksum: 1b51daa0214440db171ff359d0a2d17bc20061164c57e76234f614c91dbd2a79ddd68dfc8ee73629366f7be45a6df5f2ea9de83f52e1ca24433f2cc78c35d8ec
  languageName: node
  linkType: hard

"has@npm:^1.0.3":
  version: 1.0.3
  resolution: "has@npm:1.0.3"
  dependencies:
    function-bind: ^1.1.1
  checksum: b9ad53d53be4af90ce5d1c38331e712522417d017d5ef1ebd0507e07c2fbad8686fffb8e12ddecd4c39ca9b9b47431afbb975b8abf7f3c3b82c98e9aad052792
  languageName: node
  linkType: hard

"ignore@npm:^5.1.4":
  version: 5.2.0
  resolution: "ignore@npm:5.2.0"
  checksum: 6b1f926792d614f64c6c83da3a1f9c83f6196c2839aa41e1e32dd7b8d174cef2e329d75caabb62cb61ce9dc432f75e67d07d122a037312db7caa73166a1bdb77
  languageName: node
  linkType: hard

"interpret@npm:^2.2.0":
  version: 2.2.0
  resolution: "interpret@npm:2.2.0"
  checksum: f51efef7cb8d02da16408ffa3504cd6053014c5aeb7bb8c223727e053e4235bf565e45d67028b0c8740d917c603807aa3c27d7bd2f21bf20b6417e2bb3e5fd6e
  languageName: node
  linkType: hard

"is-core-module@npm:^2.8.1":
  version: 2.8.1
  resolution: "is-core-module@npm:2.8.1"
  dependencies:
    has: ^1.0.3
  checksum: 418b7bc10768a73c41c7ef497e293719604007f88934a6ffc5f7c78702791b8528102fb4c9e56d006d69361549b3d9519440214a74aefc7e0b79e5e4411d377f
  languageName: node
  linkType: hard

"is-extglob@npm:^2.1.1":
  version: 2.1.1
  resolution: "is-extglob@npm:2.1.1"
  checksum: df033653d06d0eb567461e58a7a8c9f940bd8c22274b94bf7671ab36df5719791aae15eef6d83bbb5e23283967f2f984b8914559d4449efda578c775c4be6f85
  languageName: node
  linkType: hard

"is-fullwidth-code-point@npm:^3.0.0":
  version: 3.0.0
  resolution: "is-fullwidth-code-point@npm:3.0.0"
  checksum: 44a30c29457c7fb8f00297bce733f0a64cd22eca270f83e58c105e0d015e45c019491a4ab2faef91ab51d4738c670daff901c799f6a700e27f7314029e99e348
  languageName: node
  linkType: hard

"is-glob@npm:^4.0.1":
  version: 4.0.3
  resolution: "is-glob@npm:4.0.3"
  dependencies:
    is-extglob: ^2.1.1
  checksum: d381c1319fcb69d341cc6e6c7cd588e17cd94722d9a32dbd60660b993c4fb7d0f19438674e68dfec686d09b7c73139c9166b47597f846af387450224a8101ab4
  languageName: node
  linkType: hard

"is-number@npm:^7.0.0":
  version: 7.0.0
  resolution: "is-number@npm:7.0.0"
  checksum: 456ac6f8e0f3111ed34668a624e45315201dff921e5ac181f8ec24923b99e9f32ca1a194912dc79d539c97d33dba17dc635202ff0b2cf98326f608323276d27a
  languageName: node
  linkType: hard

"json5@npm:^1.0.1":
  version: 1.0.1
  resolution: "json5@npm:1.0.1"
  dependencies:
    minimist: ^1.2.0
  bin:
    json5: lib/cli.js
  checksum: e76ea23dbb8fc1348c143da628134a98adf4c5a4e8ea2adaa74a80c455fc2cdf0e2e13e6398ef819bfe92306b610ebb2002668ed9fc1af386d593691ef346fc3
  languageName: node
  linkType: hard

"jsonfile@npm:^6.0.1":
  version: 6.1.0
  resolution: "jsonfile@npm:6.1.0"
  dependencies:
    graceful-fs: ^4.1.6
    universalify: ^2.0.0
  dependenciesMeta:
    graceful-fs:
      optional: true
  checksum: 7af3b8e1ac8fe7f1eccc6263c6ca14e1966fcbc74b618d3c78a0a2075579487547b94f72b7a1114e844a1e15bb00d440e5d1720bfc4612d790a6f285d5ea8354
  languageName: node
  linkType: hard

"knex@npm:1.0.1":
  version: 1.0.1
  resolution: "knex@npm:1.0.1"
  dependencies:
    colorette: 2.0.16
    commander: ^8.3.0
    debug: 4.3.3
    escalade: ^3.1.1
    esm: ^3.2.25
    getopts: 2.3.0
    interpret: ^2.2.0
    lodash: ^4.17.21
    pg-connection-string: 2.5.0
    rechoir: ^0.8.0
    resolve-from: ^5.0.0
    tarn: ^3.0.2
    tildify: 2.0.0
  peerDependenciesMeta:
    "@vscode/sqlite3":
      optional: true
    better-sqlite3:
      optional: true
    mysql:
      optional: true
    mysql2:
      optional: true
    pg:
      optional: true
    pg-native:
      optional: true
    sqlite3:
      optional: true
    tedious:
      optional: true
  bin:
    knex: bin/cli.js
  checksum: e89a1f8266757891e7e8bf10ee1655879237299182a68a806579f3e5f31148b88958762608fafbecb6fbc6aee2acb84924fc4d53e4fd59bf0ca622076e420b6f
  languageName: node
  linkType: hard

"locate-path@npm:^5.0.0":
  version: 5.0.0
  resolution: "locate-path@npm:5.0.0"
  dependencies:
    p-locate: ^4.1.0
  checksum: 83e51725e67517287d73e1ded92b28602e3ae5580b301fe54bfb76c0c723e3f285b19252e375712316774cf52006cb236aed5704692c32db0d5d089b69696e30
  languageName: node
  linkType: hard

"lodash@npm:^4.17.21":
  version: 4.17.21
  resolution: "lodash@npm:4.17.21"
  checksum: eb835a2e51d381e561e508ce932ea50a8e5a68f4ebdd771ea240d3048244a8d13658acbd502cd4829768c56f2e16bdd4340b9ea141297d472517b83868e677f7
  languageName: node
  linkType: hard

"merge2@npm:^1.3.0":
  version: 1.4.1
  resolution: "merge2@npm:1.4.1"
  checksum: 7268db63ed5169466540b6fb947aec313200bcf6d40c5ab722c22e242f651994619bcd85601602972d3c85bd2cc45a358a4c61937e9f11a061919a1da569b0c2
  languageName: node
  linkType: hard

"micromatch@npm:^4.0.4":
  version: 4.0.4
  resolution: "micromatch@npm:4.0.4"
  dependencies:
    braces: ^3.0.1
    picomatch: ^2.2.3
  checksum: ef3d1c88e79e0a68b0e94a03137676f3324ac18a908c245a9e5936f838079fcc108ac7170a5fadc265a9c2596963462e402841406bda1a4bb7b68805601d631c
  languageName: node
  linkType: hard

"mikro-monorepo@workspace:.":
  version: 0.0.0-use.local
  resolution: "mikro-monorepo@workspace:."
  dependencies:
    "@mikro-orm/cli": 5.0.1-dev.23
    "@mikro-orm/core": 5.0.1-dev.23
    "@mikro-orm/postgresql": 5.0.1-dev.23
    "@types/node": ^17.0.17
    tslib: 2.3.1
    typescript: 4.5.5
  languageName: unknown
  linkType: soft

"mikro-orm@npm:^5.0.1-dev.23+f6e26baeb7":
  version: 5.0.1-dev.23
  resolution: "mikro-orm@npm:5.0.1-dev.23"
  checksum: fcf3c283f16f73bfad73b8d727e130a9f2e98fcc76dffe333d271e734b1f04a6b4c602eaed8bd51766f18d6a489a2384b223caef2209c6fb3d343b4cc8394bd2
  languageName: node
  linkType: hard

"minimist@npm:^1.2.0":
  version: 1.2.5
  resolution: "minimist@npm:1.2.5"
  checksum: 86706ce5b36c16bfc35c5fe3dbb01d5acdc9a22f2b6cc810b6680656a1d2c0e44a0159c9a3ba51fb072bb5c203e49e10b51dcd0eec39c481f4c42086719bae52
  languageName: node
  linkType: hard

"ms@npm:2.1.2":
  version: 2.1.2
  resolution: "ms@npm:2.1.2"
  checksum: 673cdb2c3133eb050c745908d8ce632ed2c02d85640e2edb3ace856a2266a813b30c613569bf3354fdf4ea7d1a1494add3bfa95e2713baa27d0c2c71fc44f58f
  languageName: node
  linkType: hard

"p-limit@npm:^2.2.0":
  version: 2.3.0
  resolution: "p-limit@npm:2.3.0"
  dependencies:
    p-try: ^2.0.0
  checksum: 84ff17f1a38126c3314e91ecfe56aecbf36430940e2873dadaa773ffe072dc23b7af8e46d4b6485d302a11673fe94c6b67ca2cfbb60c989848b02100d0594ac1
  languageName: node
  linkType: hard

"p-locate@npm:^4.1.0":
  version: 4.1.0
  resolution: "p-locate@npm:4.1.0"
  dependencies:
    p-limit: ^2.2.0
  checksum: 513bd14a455f5da4ebfcb819ef706c54adb09097703de6aeaa5d26fe5ea16df92b48d1ac45e01e3944ce1e6aa2a66f7f8894742b8c9d6e276e16cd2049a2b870
  languageName: node
  linkType: hard

"p-try@npm:^2.0.0":
  version: 2.2.0
  resolution: "p-try@npm:2.2.0"
  checksum: f8a8e9a7693659383f06aec604ad5ead237c7a261c18048a6e1b5b85a5f8a067e469aa24f5bc009b991ea3b058a87f5065ef4176793a200d4917349881216cae
  languageName: node
  linkType: hard

"packet-reader@npm:1.0.0":
  version: 1.0.0
  resolution: "packet-reader@npm:1.0.0"
  checksum: 0b7516f0cbf3e322aad591bed29ba544220088c53943145c0d9121a6f59182ad811f7fd6785a8979a34356aca69d97653689029964c5998dc02645633d88ffd7
  languageName: node
  linkType: hard

"parent-require@npm:^1.0.0":
  version: 1.0.0
  resolution: "parent-require@npm:1.0.0"
  checksum: 91ecef2c8e0ecc06a7d68ebdfccec9cb8b34a7144cccda0141273c8871d4dd05856fe13b17ae1e1a32bfd769143671a6dbd2ad7ee72f55d1cb8e588dc60a8f4c
  languageName: node
  linkType: hard

"path-exists@npm:^4.0.0":
  version: 4.0.0
  resolution: "path-exists@npm:4.0.0"
  checksum: 505807199dfb7c50737b057dd8d351b82c033029ab94cb10a657609e00c1bc53b951cfdbccab8de04c5584d5eff31128ce6afd3db79281874a5ef2adbba55ed1
  languageName: node
  linkType: hard

"path-parse@npm:^1.0.7":
  version: 1.0.7
  resolution: "path-parse@npm:1.0.7"
  checksum: 49abf3d81115642938a8700ec580da6e830dde670be21893c62f4e10bd7dd4c3742ddc603fe24f898cba7eb0c6bc1777f8d9ac14185d34540c6d4d80cd9cae8a
  languageName: node
  linkType: hard

"path-type@npm:^4.0.0":
  version: 4.0.0
  resolution: "path-type@npm:4.0.0"
  checksum: 5b1e2daa247062061325b8fdbfd1fb56dde0a448fb1455453276ea18c60685bdad23a445dc148cf87bc216be1573357509b7d4060494a6fd768c7efad833ee45
  languageName: node
  linkType: hard

"pg-connection-string@npm:2.5.0, pg-connection-string@npm:^2.5.0":
  version: 2.5.0
  resolution: "pg-connection-string@npm:2.5.0"
  checksum: a6f3a068f7c9416a5b33a326811caf0dfaaee045c225b7c628b4c9b4e9a2b25bdd12a21e4c48940e1000ea223a4e608ca122d2ff3dd08c8b1db0fc9f5705133a
  languageName: node
  linkType: hard

"pg-int8@npm:1.0.1":
  version: 1.0.1
  resolution: "pg-int8@npm:1.0.1"
  checksum: a1e3a05a69005ddb73e5f324b6b4e689868a447c5fa280b44cd4d04e6916a344ac289e0b8d2695d66e8e89a7fba023affb9e0e94778770ada5df43f003d664c9
  languageName: node
  linkType: hard

"pg-pool@npm:^3.5.1":
  version: 3.5.1
  resolution: "pg-pool@npm:3.5.1"
  peerDependencies:
    pg: ">=8.0"
  checksum: 42833c25f18fee41a1b2d955978f1403e93164762a7e57d3a870429103d302f1899b393ab021bb8144272037eb3f13bdb9f16a4c4afaa3efd3d2c3689738038f
  languageName: node
  linkType: hard

"pg-protocol@npm:^1.5.0":
  version: 1.5.0
  resolution: "pg-protocol@npm:1.5.0"
  checksum: b839d12cafe942ef9cbc5b13c174eb2356804fb4fe8ead8279f46a36be90722d19a91409955beb8a3d5301639c44854e49749de4aef02dc361fee3e2a61fb1e4
  languageName: node
  linkType: hard

"pg-types@npm:^2.1.0":
  version: 2.2.0
  resolution: "pg-types@npm:2.2.0"
  dependencies:
    pg-int8: 1.0.1
    postgres-array: ~2.0.0
    postgres-bytea: ~1.0.0
    postgres-date: ~1.0.4
    postgres-interval: ^1.1.0
  checksum: bf4ec3f594743442857fb3a8dfe5d2478a04c98f96a0a47365014557cbc0b4b0cee01462c79adca863b93befbf88f876299b75b72c665b5fb84a2c94fbd10316
  languageName: node
  linkType: hard

"pg@npm:8.7.3":
  version: 8.7.3
  resolution: "pg@npm:8.7.3"
  dependencies:
    buffer-writer: 2.0.0
    packet-reader: 1.0.0
    pg-connection-string: ^2.5.0
    pg-pool: ^3.5.1
    pg-protocol: ^1.5.0
    pg-types: ^2.1.0
    pgpass: 1.x
  peerDependencies:
    pg-native: ">=2.0.0"
  peerDependenciesMeta:
    pg-native:
      optional: true
  checksum: d0e7040967779b9ccea16897f099510bcaf6bc86f77a6d8fa7e293c24d8bd2fd2ec46d99d6d1adc9be4cc8f254aa909361346b693088c1ba4501414f7afb2fe3
  languageName: node
  linkType: hard

"pgpass@npm:1.x":
  version: 1.0.5
  resolution: "pgpass@npm:1.0.5"
  dependencies:
    split2: ^4.1.0
  checksum: 947ac096c031eebdf08d989de2e9f6f156b8133d6858c7c2c06c041e1e71dda6f5f3bad3c0ec1e96a09497bbc6ef89e762eefe703b5ef9cb2804392ec52ec400
  languageName: node
  linkType: hard

"picomatch@npm:^2.2.3":
  version: 2.3.1
  resolution: "picomatch@npm:2.3.1"
  checksum: 050c865ce81119c4822c45d3c84f1ced46f93a0126febae20737bd05ca20589c564d6e9226977df859ed5e03dc73f02584a2b0faad36e896936238238b0446cf
  languageName: node
  linkType: hard

"postgres-array@npm:~2.0.0":
  version: 2.0.0
  resolution: "postgres-array@npm:2.0.0"
  checksum: 0e1e659888147c5de579d229a2d95c0d83ebdbffc2b9396d890a123557708c3b758a0a97ed305ce7f58edfa961fa9f0bbcd1ea9f08b6e5df73322e683883c464
  languageName: node
  linkType: hard

"postgres-bytea@npm:~1.0.0":
  version: 1.0.0
  resolution: "postgres-bytea@npm:1.0.0"
  checksum: d844ae4ca7a941b70e45cac1261a73ee8ed39d72d3d74ab1d645248185a1b7f0ac91a3c63d6159441020f4e1f7fe64689ac56536a307b31cef361e5187335090
  languageName: node
  linkType: hard

"postgres-date@npm:~1.0.4":
  version: 1.0.7
  resolution: "postgres-date@npm:1.0.7"
  checksum: 5745001d47e51cd767e46bcb1710649cd705d91a24d42fa661c454b6dcbb7353c066a5047983c90a626cd3bbfea9e626cc6fa84a35ec57e5bbb28b49f78e13ed
  languageName: node
  linkType: hard

"postgres-interval@npm:^1.1.0":
  version: 1.2.0
  resolution: "postgres-interval@npm:1.2.0"
  dependencies:
    xtend: ^4.0.0
  checksum: 746b71f93805ae33b03528e429dc624706d1f9b20ee81bf743263efb6a0cd79ae02a642a8a480dbc0f09547b4315ab7df6ce5ec0be77ed700bac42730f5c76b2
  languageName: node
  linkType: hard

"queue-microtask@npm:^1.2.2":
  version: 1.2.3
  resolution: "queue-microtask@npm:1.2.3"
  checksum: b676f8c040cdc5b12723ad2f91414d267605b26419d5c821ff03befa817ddd10e238d22b25d604920340fd73efd8ba795465a0377c4adf45a4a41e4234e42dc4
  languageName: node
  linkType: hard

"rechoir@npm:^0.8.0":
  version: 0.8.0
  resolution: "rechoir@npm:0.8.0"
  dependencies:
    resolve: ^1.20.0
  checksum: ad3caed8afdefbc33fbc30e6d22b86c35b3d51c2005546f4e79bcc03c074df804b3640ad18945e6bef9ed12caedc035655ec1082f64a5e94c849ff939dc0a788
  languageName: node
  linkType: hard

"reflect-metadata@npm:0.1.13":
  version: 0.1.13
  resolution: "reflect-metadata@npm:0.1.13"
  checksum: 798d379a7b6f6455501145419505c97dd11cbc23857a386add2b9ef15963ccf15a48d9d15507afe01d4cd74116df8a213247200bac00320bd7c11ddeaa5e8fb4
  languageName: node
  linkType: hard

"require-directory@npm:^2.1.1":
  version: 2.1.1
  resolution: "require-directory@npm:2.1.1"
  checksum: fb47e70bf0001fdeabdc0429d431863e9475e7e43ea5f94ad86503d918423c1543361cc5166d713eaa7029dd7a3d34775af04764bebff99ef413111a5af18c80
  languageName: node
  linkType: hard

"require-main-filename@npm:^2.0.0":
  version: 2.0.0
  resolution: "require-main-filename@npm:2.0.0"
  checksum: e9e294695fea08b076457e9ddff854e81bffbe248ed34c1eec348b7abbd22a0d02e8d75506559e2265e96978f3c4720bd77a6dad84755de8162b357eb6c778c7
  languageName: node
  linkType: hard

"resolve-from@npm:^5.0.0":
  version: 5.0.0
  resolution: "resolve-from@npm:5.0.0"
  checksum: 4ceeb9113e1b1372d0cd969f3468fa042daa1dd9527b1b6bb88acb6ab55d8b9cd65dbf18819f9f9ddf0db804990901dcdaade80a215e7b2c23daae38e64f5bdf
  languageName: node
  linkType: hard

"resolve@npm:^1.20.0":
  version: 1.22.0
  resolution: "resolve@npm:1.22.0"
  dependencies:
    is-core-module: ^2.8.1
    path-parse: ^1.0.7
    supports-preserve-symlinks-flag: ^1.0.0
  bin:
    resolve: bin/resolve
  checksum: a2d14cc437b3a23996f8c7367eee5c7cf8149c586b07ca2ae00e96581ce59455555a1190be9aa92154785cf9f2042646c200d0e00e0bbd2b8a995a93a0ed3e4e
  languageName: node
  linkType: hard

"resolve@patch:resolve@^1.20.0#~builtin<compat/resolve>":
  version: 1.22.0
  resolution: "resolve@patch:resolve@npm%3A1.22.0#~builtin<compat/resolve>::version=1.22.0&hash=07638b"
  dependencies:
    is-core-module: ^2.8.1
    path-parse: ^1.0.7
    supports-preserve-symlinks-flag: ^1.0.0
  bin:
    resolve: bin/resolve
  checksum: c79ecaea36c872ee4a79e3db0d3d4160b593f2ca16e031d8283735acd01715a203607e9ded3f91f68899c2937fa0d49390cddbe0fb2852629212f3cda283f4a7
  languageName: node
  linkType: hard

"reusify@npm:^1.0.4":
  version: 1.0.4
  resolution: "reusify@npm:1.0.4"
  checksum: c3076ebcc22a6bc252cb0b9c77561795256c22b757f40c0d8110b1300723f15ec0fc8685e8d4ea6d7666f36c79ccc793b1939c748bf36f18f542744a4e379fcc
  languageName: node
  linkType: hard

"run-parallel@npm:^1.1.9":
  version: 1.2.0
  resolution: "run-parallel@npm:1.2.0"
  dependencies:
    queue-microtask: ^1.2.2
  checksum: cb4f97ad25a75ebc11a8ef4e33bb962f8af8516bb2001082ceabd8902e15b98f4b84b4f8a9b222e5d57fc3bd1379c483886ed4619367a7680dad65316993021d
  languageName: node
  linkType: hard

"set-blocking@npm:^2.0.0":
  version: 2.0.0
  resolution: "set-blocking@npm:2.0.0"
  checksum: 6e65a05f7cf7ebdf8b7c75b101e18c0b7e3dff4940d480efed8aad3a36a4005140b660fa1d804cb8bce911cac290441dc728084a30504d3516ac2ff7ad607b02
  languageName: node
  linkType: hard

"slash@npm:^3.0.0":
  version: 3.0.0
  resolution: "slash@npm:3.0.0"
  checksum: 94a93fff615f25a999ad4b83c9d5e257a7280c90a32a7cb8b4a87996e4babf322e469c42b7f649fd5796edd8687652f3fb452a86dc97a816f01113183393f11c
  languageName: node
  linkType: hard

"split2@npm:^4.1.0":
  version: 4.1.0
  resolution: "split2@npm:4.1.0"
  checksum: ec581597cb74c13cdfb5e2047543dd40cb1e8e9803c7b1e0c29ede05f2b4f049b2d6e7f2788a225d544549375719658b8f38e9366364dec35dc7a12edfda5ee5
  languageName: node
  linkType: hard

"sqlstring@npm:2.3.2":
  version: 2.3.2
  resolution: "sqlstring@npm:2.3.2"
  checksum: 6d17a604dcf724046ff0f0dec562164fc217968e7a962e6ed6cca6ae8d8cd7b264c595627fe74d485200274ad8913f88d4fb9e75469d0305b1a647492b7168e0
  languageName: node
  linkType: hard

"string-width@npm:^4.1.0, string-width@npm:^4.2.0":
  version: 4.2.3
  resolution: "string-width@npm:4.2.3"
  dependencies:
    emoji-regex: ^8.0.0
    is-fullwidth-code-point: ^3.0.0
    strip-ansi: ^6.0.1
  checksum: e52c10dc3fbfcd6c3a15f159f54a90024241d0f149cf8aed2982a2d801d2e64df0bf1dc351cf8e95c3319323f9f220c16e740b06faecd53e2462df1d2b5443fb
  languageName: node
  linkType: hard

"strip-ansi@npm:^3.0.0":
  version: 3.0.1
  resolution: "strip-ansi@npm:3.0.1"
  dependencies:
    ansi-regex: ^2.0.0
  checksum: 9b974de611ce5075c70629c00fa98c46144043db92ae17748fb780f706f7a789e9989fd10597b7c2053ae8d1513fd707816a91f1879b2f71e6ac0b6a863db465
  languageName: node
  linkType: hard

"strip-ansi@npm:^6.0.0, strip-ansi@npm:^6.0.1":
  version: 6.0.1
  resolution: "strip-ansi@npm:6.0.1"
  dependencies:
    ansi-regex: ^5.0.1
  checksum: f3cd25890aef3ba6e1a74e20896c21a46f482e93df4a06567cebf2b57edabb15133f1f94e57434e0a958d61186087b1008e89c94875d019910a213181a14fc8c
  languageName: node
  linkType: hard

"strip-bom@npm:^3.0.0":
  version: 3.0.0
  resolution: "strip-bom@npm:3.0.0"
  checksum: 8d50ff27b7ebe5ecc78f1fe1e00fcdff7af014e73cf724b46fb81ef889eeb1015fc5184b64e81a2efe002180f3ba431bdd77e300da5c6685d702780fbf0c8d5b
  languageName: node
  linkType: hard

"supports-color@npm:^2.0.0":
  version: 2.0.0
  resolution: "supports-color@npm:2.0.0"
  checksum: 602538c5812b9006404370b5a4b885d3e2a1f6567d314f8b4a41974ffe7d08e525bf92ae0f9c7030e3b4c78e4e34ace55d6a67a74f1571bc205959f5972f88f0
  languageName: node
  linkType: hard

"supports-preserve-symlinks-flag@npm:^1.0.0":
  version: 1.0.0
  resolution: "supports-preserve-symlinks-flag@npm:1.0.0"
  checksum: 53b1e247e68e05db7b3808b99b892bd36fb096e6fba213a06da7fab22045e97597db425c724f2bbd6c99a3c295e1e73f3e4de78592289f38431049e1277ca0ae
  languageName: node
  linkType: hard

"tarn@npm:^3.0.2":
  version: 3.0.2
  resolution: "tarn@npm:3.0.2"
  checksum: 27a69658f02504979c5b02e500522e78ec12ef893b90cb00fdef794f9d847a92ed78f6c0ad12e82b8919519bded6a8d6d0000442cd0c6d6ea83cd9b7297729af
  languageName: node
  linkType: hard

"tildify@npm:2.0.0":
  version: 2.0.0
  resolution: "tildify@npm:2.0.0"
  checksum: 0f5fee93624c4afdf75ee224c3b65aece4817ba5317fd70f49eaf084ea720d73556a6ef3f50079425a773ba3b93805b4524d14057841d4e4336516fdbe80635b
  languageName: node
  linkType: hard

"to-regex-range@npm:^5.0.1":
  version: 5.0.1
  resolution: "to-regex-range@npm:5.0.1"
  dependencies:
    is-number: ^7.0.0
  checksum: f76fa01b3d5be85db6a2a143e24df9f60dd047d151062d0ba3df62953f2f697b16fe5dad9b0ac6191c7efc7b1d9dcaa4b768174b7b29da89d4428e64bc0a20ed
  languageName: node
  linkType: hard

"tsconfig-paths@npm:3.12.0":
  version: 3.12.0
  resolution: "tsconfig-paths@npm:3.12.0"
  dependencies:
    "@types/json5": ^0.0.29
    json5: ^1.0.1
    minimist: ^1.2.0
    strip-bom: ^3.0.0
  checksum: 4999ec6cd1c7cc06750a460dbc0d39fe3595a4308cb5f1d0d0a8283009cf9c0a30d5a156508c28fe3a47760508af5263ab288fc23d71e9762779674257a95d3b
  languageName: node
  linkType: hard

"tslib@npm:2.3.1":
  version: 2.3.1
  resolution: "tslib@npm:2.3.1"
  checksum: de17a98d4614481f7fcb5cd53ffc1aaf8654313be0291e1bfaee4b4bb31a20494b7d218ff2e15017883e8ea9626599b3b0e0229c18383ba9dce89da2adf15cb9
  languageName: node
  linkType: hard

"typescript@npm:4.5.5":
  version: 4.5.5
  resolution: "typescript@npm:4.5.5"
  bin:
    tsc: bin/tsc
    tsserver: bin/tsserver
  checksum: 506f4c919dc8aeaafa92068c997f1d213b9df4d9756d0fae1a1e7ab66b585ab3498050e236113a1c9e57ee08c21ec6814ca7a7f61378c058d79af50a4b1f5a5e
  languageName: node
  linkType: hard

"typescript@patch:typescript@4.5.5#~builtin<compat/typescript>":
  version: 4.5.5
  resolution: "typescript@patch:typescript@npm%3A4.5.5#~builtin<compat/typescript>::version=4.5.5&hash=493e53"
  bin:
    tsc: bin/tsc
    tsserver: bin/tsserver
  checksum: c05c318d79c690f101d7ffb34cd6c7d6bbd884d3af9cefe7749ad0cd6be43c7082f098280982ca945dcba23fde34a08fed9602bb26540936baf8c0520727d3ba
  languageName: node
  linkType: hard

"universalify@npm:^2.0.0":
  version: 2.0.0
  resolution: "universalify@npm:2.0.0"
  checksum: 2406a4edf4a8830aa6813278bab1f953a8e40f2f63a37873ffa9a3bc8f9745d06cc8e88f3572cb899b7e509013f7f6fcc3e37e8a6d914167a5381d8440518c44
  languageName: node
  linkType: hard

"which-module@npm:^2.0.0":
  version: 2.0.0
  resolution: "which-module@npm:2.0.0"
  checksum: 809f7fd3dfcb2cdbe0180b60d68100c88785084f8f9492b0998c051d7a8efe56784492609d3f09ac161635b78ea29219eb1418a98c15ce87d085bce905705c9c
  languageName: node
  linkType: hard

"wrap-ansi@npm:^6.2.0":
  version: 6.2.0
  resolution: "wrap-ansi@npm:6.2.0"
  dependencies:
    ansi-styles: ^4.0.0
    string-width: ^4.1.0
    strip-ansi: ^6.0.0
  checksum: 6cd96a410161ff617b63581a08376f0cb9162375adeb7956e10c8cd397821f7eb2a6de24eb22a0b28401300bf228c86e50617cd568209b5f6775b93c97d2fe3a
  languageName: node
  linkType: hard

"xtend@npm:^4.0.0":
  version: 4.0.2
  resolution: "xtend@npm:4.0.2"
  checksum: ac5dfa738b21f6e7f0dd6e65e1b3155036d68104e67e5d5d1bde74892e327d7e5636a076f625599dc394330a731861e87343ff184b0047fef1360a7ec0a5a36a
  languageName: node
  linkType: hard

"y18n@npm:^4.0.0":
  version: 4.0.3
  resolution: "y18n@npm:4.0.3"
  checksum: 014dfcd9b5f4105c3bb397c1c8c6429a9df004aa560964fb36732bfb999bfe83d45ae40aeda5b55d21b1ee53d8291580a32a756a443e064317953f08025b1aa4
  languageName: node
  linkType: hard

"yargonaut@npm:1.1.4":
  version: 1.1.4
  resolution: "yargonaut@npm:1.1.4"
  dependencies:
    chalk: ^1.1.1
    figlet: ^1.1.1
    parent-require: ^1.0.0
  checksum: d0ffc310a761782ae38022d88e13e84486080b2be2c43e8d5cbb987e40c3d2dd18274c39ce34e05d6bc312a4e768cd4c469d338ed60409adf6f4d870017c63a3
  languageName: node
  linkType: hard

"yargs-parser@npm:^18.1.2":
  version: 18.1.3
  resolution: "yargs-parser@npm:18.1.3"
  dependencies:
    camelcase: ^5.0.0
    decamelize: ^1.2.0
  checksum: 60e8c7d1b85814594d3719300ecad4e6ae3796748b0926137bfec1f3042581b8646d67e83c6fc80a692ef08b8390f21ddcacb9464476c39bbdf52e34961dd4d9
  languageName: node
  linkType: hard

"yargs@npm:15.4.1":
  version: 15.4.1
  resolution: "yargs@npm:15.4.1"
  dependencies:
    cliui: ^6.0.0
    decamelize: ^1.2.0
    find-up: ^4.1.0
    get-caller-file: ^2.0.1
    require-directory: ^2.1.1
    require-main-filename: ^2.0.0
    set-blocking: ^2.0.0
    string-width: ^4.2.0
    which-module: ^2.0.0
    y18n: ^4.0.0
    yargs-parser: ^18.1.2
  checksum: 40b974f508d8aed28598087720e086ecd32a5fd3e945e95ea4457da04ee9bdb8bdd17fd91acff36dc5b7f0595a735929c514c40c402416bbb87c03f6fb782373
  languageName: node
  linkType: hard
